{
  "requires": true,
  "lockfileVersion": 1,
  "dependencies": {
    "@hotwired/stimulus": {
      "version": "3.0.1",
      "resolved": "https://registry.npmjs.org/@hotwired/stimulus/-/stimulus-3.0.1.tgz",
      "integrity": "sha512-oHsJhgY2cip+K2ED7vKUNd2P+BEswVhrCYcJ802DSsblJFv7mPFVk3cQKvm2vHgHeDVdnj7oOKrBbzp1u8D+KA=="
    },
    "bootstrap": {
      "version": "5.1.3"
    },
    "jquery": {
      "version": "3.6.0"
    },
    "popper.js": {
      "version": "1.16.1"
    }
  }
}
